
Microsoft Visual Studio Solution File, Format Version 12.00
# Visual Studio Version 17
VisualStudioVersion = 17.7.34018.315
MinimumVisualStudioVersion = 10.0.40219.1
Project("{FAE04EC0-301F-11D3-BF4B-00C04F79EFBC}") = "MyWin04", "MyWin04\MyWin04.csproj", "{12430948-CB11-4C3A-A8D2-199EBC1D1CDE}"
EndProject
Global
	GlobalSection(SolutionConfigurationPlatforms) = preSolution
		Debug|Any CPU = Debug|Any CPU
		Release|Any CPU = Release|Any CPU
	EndGlobalSection
	GlobalSection(ProjectConfigurationPlatforms) = postSolution
		{12430948-CB11-4C3A-A8D2-199EBC1D1CDE}.Debug|Any CPU.ActiveCfg = Debug|Any CPU
		{12430948-CB11-4C3A-A8D2-199EBC1D1CDE}.Debug|Any CPU.Build.0 = Debug|Any CPU
		{12430948-CB11-4C3A-A8D2-199EBC1D1CDE}.Release|Any CPU.ActiveCfg = Release|Any CPU
		{12430948-CB11-4C3A-A8D2-199EBC1D1CDE}.Release|Any CPU.Build.0 = Release|Any CPU
	EndGlobalSection
	GlobalSection(SolutionProperties) = preSolution
		HideSolutionNode = FALSE
	EndGlobalSection
	GlobalSection(ExtensibilityGlobals) = postSolution
		SolutionGuid = {99A13686-A1BB-47A0-877A-49EF12499173}
	EndGlobalSection
EndGlobal
